
Microsoft Visual Studio Solution File, Format Version 12.00
# Visual Studio Version 16
VisualStudioVersion = 16.0.31129.286
MinimumVisualStudioVersion = 10.0.40219.1
Project("{888888A0-9F3D-457C-B088-3A5042F75D52}") = "block-bulk-whatsapp", "block-bulk-whatsapp.pyproj", "{DA081A5D-6AF1-422A-8755-568E5AAED2ED}"
EndProject
Global
	GlobalSection(SolutionConfigurationPlatforms) = preSolution
		Debug|Any CPU = Debug|Any CPU
		Release|Any CPU = Release|Any CPU
	EndGlobalSection
	GlobalSection(ProjectConfigurationPlatforms) = postSolution
		{DA081A5D-6AF1-422A-8755-568E5AAED2ED}.Debug|Any CPU.ActiveCfg = Debug|Any CPU
		{DA081A5D-6AF1-422A-8755-568E5AAED2ED}.Release|Any CPU.ActiveCfg = Release|Any CPU
	EndGlobalSection
	GlobalSection(SolutionProperties) = preSolution
		HideSolutionNode = FALSE
	EndGlobalSection
	GlobalSection(ExtensibilityGlobals) = postSolution
		SolutionGuid = {FF53F768-B73E-43D1-9B6A-6B0BCCC6305A}
	EndGlobalSection
EndGlobal
